
Microsoft Visual Studio Solution File, Format Version 12.00
# Visual Studio Version 16
VisualStudioVersion = 16.0.32602.291
MinimumVisualStudioVersion = 10.0.40219.1
Project("{FAE04EC0-301F-11D3-BF4B-00C04F79EFBC}") = "actividad en clase", "actividad en clase.csproj", "{B5EACEA5-BB4A-4403-867F-DB7AA5578CC0}"
EndProject
Global
	GlobalSection(SolutionConfigurationPlatforms) = preSolution
		Debug|Any CPU = Debug|Any CPU
		Release|Any CPU = Release|Any CPU
	EndGlobalSection
	GlobalSection(ProjectConfigurationPlatforms) = postSolution
		{B5EACEA5-BB4A-4403-867F-DB7AA5578CC0}.Debug|Any CPU.ActiveCfg = Debug|Any CPU
		{B5EACEA5-BB4A-4403-867F-DB7AA5578CC0}.Debug|Any CPU.Build.0 = Debug|Any CPU
		{B5EACEA5-BB4A-4403-867F-DB7AA5578CC0}.Release|Any CPU.ActiveCfg = Release|Any CPU
		{B5EACEA5-BB4A-4403-867F-DB7AA5578CC0}.Release|Any CPU.Build.0 = Release|Any CPU
	EndGlobalSection
	GlobalSection(SolutionProperties) = preSolution
		HideSolutionNode = FALSE
	EndGlobalSection
	GlobalSection(ExtensibilityGlobals) = postSolution
		SolutionGuid = {3ADAB1CE-E33A-499E-BCA1-FD9C84B4A77B}
	EndGlobalSection
EndGlobal
